
Microsoft Visual Studio Solution File, Format Version 12.00
# Visual Studio Version 17
VisualStudioVersion = 17.0.31903.59
MinimumVisualStudioVersion = 10.0.40219.1
Project("{FAE04EC0-301F-11D3-BF4B-00C04F79EFBC}") = "TecNM.Practica2.App", "TecNM.Practica2.App\TecNM.Practica2.App.csproj", "{F62F6086-6E02-41BD-9642-BDBD503B5D2C}"
EndProject
Project("{FAE04EC0-301F-11D3-BF4B-00C04F79EFBC}") = "TecNM.Practica2.Core", "TecNM.Practica2.Core\TecNM.Practica2.Core.csproj", "{27F0FA18-8A5C-4B08-ABA5-0E8F045CF5D9}"
EndProject
Global
	GlobalSection(SolutionConfigurationPlatforms) = preSolution
		Debug|Any CPU = Debug|Any CPU
		Release|Any CPU = Release|Any CPU
	EndGlobalSection
	GlobalSection(SolutionProperties) = preSolution
		HideSolutionNode = FALSE
	EndGlobalSection
	GlobalSection(ProjectConfigurationPlatforms) = postSolution
		{F62F6086-6E02-41BD-9642-BDBD503B5D2C}.Debug|Any CPU.ActiveCfg = Debug|Any CPU
		{F62F6086-6E02-41BD-9642-BDBD503B5D2C}.Debug|Any CPU.Build.0 = Debug|Any CPU
		{F62F6086-6E02-41BD-9642-BDBD503B5D2C}.Release|Any CPU.ActiveCfg = Release|Any CPU
		{F62F6086-6E02-41BD-9642-BDBD503B5D2C}.Release|Any CPU.Build.0 = Release|Any CPU
		{27F0FA18-8A5C-4B08-ABA5-0E8F045CF5D9}.Debug|Any CPU.ActiveCfg = Debug|Any CPU
		{27F0FA18-8A5C-4B08-ABA5-0E8F045CF5D9}.Debug|Any CPU.Build.0 = Debug|Any CPU
		{27F0FA18-8A5C-4B08-ABA5-0E8F045CF5D9}.Release|Any CPU.ActiveCfg = Release|Any CPU
		{27F0FA18-8A5C-4B08-ABA5-0E8F045CF5D9}.Release|Any CPU.Build.0 = Release|Any CPU
	EndGlobalSection
EndGlobal
